
Microsoft Visual Studio Solution File, Format Version 12.00
# Visual Studio Version 16
VisualStudioVersion = 16.0.31410.357
MinimumVisualStudioVersion = 10.0.40219.1
Project("{FAE04EC0-301F-11D3-BF4B-00C04F79EFBC}") = "DontOverrenderMyMenuV2", "DontOverrenderMyMenuV2\DontOverrenderMyMenuV2.csproj", "{C96B5841-19C8-42A7-AD66-0A810F88432F}"
EndProject
Global
	GlobalSection(SolutionConfigurationPlatforms) = preSolution
		Debug|Any CPU = Debug|Any CPU
		Release|Any CPU = Release|Any CPU
	EndGlobalSection
	GlobalSection(ProjectConfigurationPlatforms) = postSolution
		{C96B5841-19C8-42A7-AD66-0A810F88432F}.Debug|Any CPU.ActiveCfg = Debug|Any CPU
		{C96B5841-19C8-42A7-AD66-0A810F88432F}.Debug|Any CPU.Build.0 = Debug|Any CPU
		{C96B5841-19C8-42A7-AD66-0A810F88432F}.Release|Any CPU.ActiveCfg = Release|Any CPU
		{C96B5841-19C8-42A7-AD66-0A810F88432F}.Release|Any CPU.Build.0 = Release|Any CPU
	EndGlobalSection
	GlobalSection(SolutionProperties) = preSolution
		HideSolutionNode = FALSE
	EndGlobalSection
	GlobalSection(ExtensibilityGlobals) = postSolution
		SolutionGuid = {CEBFF88B-F6B2-426E-82F1-C30EC84FADFB}
	EndGlobalSection
EndGlobal
